// !$*UTF8*$!
{
	archiveVersion = 1;
	classes = {
	};
	objectVersion = 56;
	objects = {

/* Begin PBXBuildFile section */
		A10895922D105ABA00162025 /* AccountSeactionHeaderView.swift in Sources */ = {isa = PBXBuildFile; fileRef = A10895912D105AAD00162025 /* AccountSeactionHeaderView.swift */; };
		A11322A62D11FA9B000F5A74 /* Movie.swift in Sources */ = {isa = PBXBuildFile; fileRef = A11322A52D11FA94000F5A74 /* Movie.swift */; };
		A11322AA2D11FAFE000F5A74 /* MovieMapper.swift in Sources */ = {isa = PBXBuildFile; fileRef = A11322A92D11FAF8000F5A74 /* MovieMapper.swift */; };
		A11322AD2D120167000F5A74 /* MovieEntity.swift in Sources */ = {isa = PBXBuildFile; fileRef = A11322AC2D12015C000F5A74 /* MovieEntity.swift */; };
		A11322AF2D120E32000F5A74 /* PersistenceManager.swift in Sources */ = {isa = PBXBuildFile; fileRef = A11322AE2D120E20000F5A74 /* PersistenceManager.swift */; };
		A11322B42D121D9C000F5A74 /* LocalSource.swift in Sources */ = {isa = PBXBuildFile; fileRef = A11322B32D121D86000F5A74 /* LocalSource.swift */; };
		A11322B62D121DB2000F5A74 /* DefaultLocalSource.swift in Sources */ = {isa = PBXBuildFile; fileRef = A11322B52D121DAF000F5A74 /* DefaultLocalSource.swift */; };
		A11322B82D135E91000F5A74 /* MoviePreviewViewModel.swift in Sources */ = {isa = PBXBuildFile; fileRef = A11322B72D135E8D000F5A74 /* MoviePreviewViewModel.swift */; };
		A11322BB2D136ECB000F5A74 /* PreviewModel.swift in Sources */ = {isa = PBXBuildFile; fileRef = A11322BA2D136EC6000F5A74 /* PreviewModel.swift */; };
		A11322BD2D136FC1000F5A74 /* PreviewRepository.swift in Sources */ = {isa = PBXBuildFile; fileRef = A11322BC2D136FBB000F5A74 /* PreviewRepository.swift */; };
		A11322BF2D13712C000F5A74 /* DefaultPreviewRepository.swift in Sources */ = {isa = PBXBuildFile; fileRef = A11322BE2D137127000F5A74 /* DefaultPreviewRepository.swift */; };
		A11322C22D14453F000F5A74 /* ContentCell.swift in Sources */ = {isa = PBXBuildFile; fileRef = A11322C12D144534000F5A74 /* ContentCell.swift */; };
		A11322C42D1592DE000F5A74 /* AppButton.swift in Sources */ = {isa = PBXBuildFile; fileRef = A11322C32D1592D8000F5A74 /* AppButton.swift */; };
		A11322C62D15AB4E000F5A74 /* MovieType.swift in Sources */ = {isa = PBXBuildFile; fileRef = A11322C52D15AB43000F5A74 /* MovieType.swift */; };
		A11322C92D170313000F5A74 /* PreviewActionView.swift in Sources */ = {isa = PBXBuildFile; fileRef = A11322C82D170313000F5A74 /* PreviewActionView.swift */; };
		A11322CB2D177783000F5A74 /* MainPreviewViewController.swift in Sources */ = {isa = PBXBuildFile; fileRef = A11322CA2D17776C000F5A74 /* MainPreviewViewController.swift */; };
		A14E053B2CEFD95200DD4092 /* VideoView.swift in Sources */ = {isa = PBXBuildFile; fileRef = A14E053A2CEFD94C00DD4092 /* VideoView.swift */; };
		A14E053E2CF0DB0A00DD4092 /* HomeViewModel.swift in Sources */ = {isa = PBXBuildFile; fileRef = A14E053D2CF0DB0400DD4092 /* HomeViewModel.swift */; };
		A1537FDD2CD956B0005DE4D1 /* AppDelegate.swift in Sources */ = {isa = PBXBuildFile; fileRef = A1537FDC2CD956B0005DE4D1 /* AppDelegate.swift */; };
		A1537FDF2CD956B0005DE4D1 /* SceneDelegate.swift in Sources */ = {isa = PBXBuildFile; fileRef = A1537FDE2CD956B0005DE4D1 /* SceneDelegate.swift */; };
		A1537FE12CD956B0005DE4D1 /* MainTabBarViewController.swift in Sources */ = {isa = PBXBuildFile; fileRef = A1537FE02CD956B0005DE4D1 /* MainTabBarViewController.swift */; };
		A1537FE62CD956B1005DE4D1 /* Assets.xcassets in Resources */ = {isa = PBXBuildFile; fileRef = A1537FE52CD956B1005DE4D1 /* Assets.xcassets */; };
		A1537FE92CD956B1005DE4D1 /* LaunchScreen.storyboard in Resources */ = {isa = PBXBuildFile; fileRef = A1537FE72CD956B1005DE4D1 /* LaunchScreen.storyboard */; };
		A1537FF22CD95A94005DE4D1 /* HomeViewController.swift in Sources */ = {isa = PBXBuildFile; fileRef = A1537FF12CD95A94005DE4D1 /* HomeViewController.swift */; };
		A1537FF42CD95AEF005DE4D1 /* NewAndHotViewController.swift in Sources */ = {isa = PBXBuildFile; fileRef = A1537FF32CD95AEF005DE4D1 /* NewAndHotViewController.swift */; };
		A1537FF62CD95B2E005DE4D1 /* SearchViewController.swift in Sources */ = {isa = PBXBuildFile; fileRef = A1537FF52CD95B2E005DE4D1 /* SearchViewController.swift */; };
		A1537FF82CD95B49005DE4D1 /* MyNetflixViewController.swift in Sources */ = {isa = PBXBuildFile; fileRef = A1537FF72CD95B49005DE4D1 /* MyNetflixViewController.swift */; };
		A1537FFF2CDA37A8005DE4D1 /* CollectionViewTableViewCell.swift in Sources */ = {isa = PBXBuildFile; fileRef = A1537FFE2CDA37A7005DE4D1 /* CollectionViewTableViewCell.swift */; };
		A15380012CDA57DF005DE4D1 /* HeroHeaderUiView.swift in Sources */ = {isa = PBXBuildFile; fileRef = A15380002CDA57DF005DE4D1 /* HeroHeaderUiView.swift */; };
		A15380052CDA99C2005DE4D1 /* MovieService.swift in Sources */ = {isa = PBXBuildFile; fileRef = A15380042CDA99C2005DE4D1 /* MovieService.swift */; };
		A15380072CDA99DB005DE4D1 /* MovieServiceImpl.swift in Sources */ = {isa = PBXBuildFile; fileRef = A15380062CDA99DB005DE4D1 /* MovieServiceImpl.swift */; };
		A15380092CDA9A3B005DE4D1 /* MovieResponse.swift in Sources */ = {isa = PBXBuildFile; fileRef = A15380082CDA9A3B005DE4D1 /* MovieResponse.swift */; };
		A153800B2CDA9A98005DE4D1 /* Utils.swift in Sources */ = {isa = PBXBuildFile; fileRef = A153800A2CDA9A98005DE4D1 /* Utils.swift */; };
		A153800D2CDAA162005DE4D1 /* Extensions.swift in Sources */ = {isa = PBXBuildFile; fileRef = A153800C2CDAA162005DE4D1 /* Extensions.swift */; };
		A153800F2CDABAD9005DE4D1 /* MovieCollectionViewCell.swift in Sources */ = {isa = PBXBuildFile; fileRef = A153800E2CDABAD9005DE4D1 /* MovieCollectionViewCell.swift */; };
		A15380132CDCCBFD005DE4D1 /* NewAndHotCollectionViewCell.swift in Sources */ = {isa = PBXBuildFile; fileRef = A15380122CDCCBFD005DE4D1 /* NewAndHotCollectionViewCell.swift */; };
		A15380162CDCDF23005DE4D1 /* SDWebImage in Frameworks */ = {isa = PBXBuildFile; productRef = A15380152CDCDF23005DE4D1 /* SDWebImage */; };
		A15380182CDCDF23005DE4D1 /* SDWebImageMapKit in Frameworks */ = {isa = PBXBuildFile; productRef = A15380172CDCDF23005DE4D1 /* SDWebImageMapKit */; };
		A153801A2CDE327D005DE4D1 /* SearchResultViewController.swift in Sources */ = {isa = PBXBuildFile; fileRef = A15380192CDE327D005DE4D1 /* SearchResultViewController.swift */; };
		A153801C2CE524DF005DE4D1 /* YoutubeSearchResponse.swift in Sources */ = {isa = PBXBuildFile; fileRef = A153801B2CE524DF005DE4D1 /* YoutubeSearchResponse.swift */; };
		A15380202CE5323E005DE4D1 /* MoviePreviewViewController.swift in Sources */ = {isa = PBXBuildFile; fileRef = A153801F2CE5323E005DE4D1 /* MoviePreviewViewController.swift */; };
		A15380232CE67AD2005DE4D1 /* NetflixCloneModel.xcdatamodeld in Sources */ = {isa = PBXBuildFile; fileRef = A15380212CE67AD2005DE4D1 /* NetflixCloneModel.xcdatamodeld */; };
		A161D7E82CF10E0B007A854D /* HomeMovieUiModel.swift in Sources */ = {isa = PBXBuildFile; fileRef = A161D7E72CF10DF6007A854D /* HomeMovieUiModel.swift */; };
		A161D7EA2CF10F93007A854D /* HomeRepository.swift in Sources */ = {isa = PBXBuildFile; fileRef = A161D7E92CF10F8B007A854D /* HomeRepository.swift */; };
		A161D7EC2CF11022007A854D /* DefaultHomeRepository.swift in Sources */ = {isa = PBXBuildFile; fileRef = A161D7EB2CF11011007A854D /* DefaultHomeRepository.swift */; };
		A197E8482CF52D2A005BDF32 /* TabbarView.swift in Sources */ = {isa = PBXBuildFile; fileRef = A197E8472CF52D1F005BDF32 /* TabbarView.swift */; };
		A1A88EA02D0E221F007E059C /* AccountHeaderView.swift in Sources */ = {isa = PBXBuildFile; fileRef = A1A88E9F2D0E21F3007E059C /* AccountHeaderView.swift */; };
		A1AAC4952CFE688A0062C75B /* TabbarCollectionViewCell.swift in Sources */ = {isa = PBXBuildFile; fileRef = A1AAC4942CFE687E0062C75B /* TabbarCollectionViewCell.swift */; };
		A1AAC4972CFE74B20062C75B /* HomeTabCategory.swift in Sources */ = {isa = PBXBuildFile; fileRef = A1AAC4962CFE74A80062C75B /* HomeTabCategory.swift */; };
		A1AAC49A2CFFBB8B0062C75B /* NewAndHotViewModel.swift in Sources */ = {isa = PBXBuildFile; fileRef = A1AAC4992CFFBB870062C75B /* NewAndHotViewModel.swift */; };
		A1AAC49E2CFFBDEB0062C75B /* MovieUiModel.swift in Sources */ = {isa = PBXBuildFile; fileRef = A1AAC49D2CFFBDC50062C75B /* MovieUiModel.swift */; };
		A1AAC4A02CFFBFE80062C75B /* Sections.swift in Sources */ = {isa = PBXBuildFile; fileRef = A1AAC49F2CFFBFE20062C75B /* Sections.swift */; };
		A1AAC4A22CFFC02B0062C75B /* NewAndHotRepoistory.swift in Sources */ = {isa = PBXBuildFile; fileRef = A1AAC4A12CFFC0210062C75B /* NewAndHotRepoistory.swift */; };
		A1AAC4A42CFFC0A00062C75B /* DefaultNewAndHotRepository.swift in Sources */ = {isa = PBXBuildFile; fileRef = A1AAC4A32CFFC0900062C75B /* DefaultNewAndHotRepository.swift */; };
		A1AAC4AA2D00CC160062C75B /* CategoryCollectionViewCell.swift in Sources */ = {isa = PBXBuildFile; fileRef = A1AAC4A92D00CBFD0062C75B /* CategoryCollectionViewCell.swift */; };
		A1AAC4AC2D00D60E0062C75B /* ViewConstant.swift in Sources */ = {isa = PBXBuildFile; fileRef = A1AAC4AB2D00D6080062C75B /* ViewConstant.swift */; };
		A1AAC4AF2D00F4A90062C75B /* NewHotCategory.swift in Sources */ = {isa = PBXBuildFile; fileRef = A1AAC4AE2D00F49F0062C75B /* NewHotCategory.swift */; };
/* End PBXBuildFile section */

/* Begin PBXFileReference section */
		A10895912D105AAD00162025 /* AccountSeactionHeaderView.swift */ = {isa = PBXFileReference; lastKnownFileType = sourcecode.swift; path = AccountSeactionHeaderView.swift; sourceTree = "<group>"; };
		A11322A52D11FA94000F5A74 /* Movie.swift */ = {isa = PBXFileReference; lastKnownFileType = sourcecode.swift; path = Movie.swift; sourceTree = "<group>"; };
		A11322A92D11FAF8000F5A74 /* MovieMapper.swift */ = {isa = PBXFileReference; lastKnownFileType = sourcecode.swift; path = MovieMapper.swift; sourceTree = "<group>"; };
		A11322AC2D12015C000F5A74 /* MovieEntity.swift */ = {isa = PBXFileReference; lastKnownFileType = sourcecode.swift; path = MovieEntity.swift; sourceTree = "<group>"; };
		A11322AE2D120E20000F5A74 /* PersistenceManager.swift */ = {isa = PBXFileReference; lastKnownFileType = sourcecode.swift; path = PersistenceManager.swift; sourceTree = "<group>"; };
		A11322B32D121D86000F5A74 /* LocalSource.swift */ = {isa = PBXFileReference; lastKnownFileType = sourcecode.swift; path = LocalSource.swift; sourceTree = "<group>"; };
		A11322B52D121DAF000F5A74 /* DefaultLocalSource.swift */ = {isa = PBXFileReference; lastKnownFileType = sourcecode.swift; path = DefaultLocalSource.swift; sourceTree = "<group>"; };
		A11322B72D135E8D000F5A74 /* MoviePreviewViewModel.swift */ = {isa = PBXFileReference; lastKnownFileType = sourcecode.swift; path = MoviePreviewViewModel.swift; sourceTree = "<group>"; };
		A11322BA2D136EC6000F5A74 /* PreviewModel.swift */ = {isa = PBXFileReference; lastKnownFileType = sourcecode.swift; path = PreviewModel.swift; sourceTree = "<group>"; };
		A11322BC2D136FBB000F5A74 /* PreviewRepository.swift */ = {isa = PBXFileReference; lastKnownFileType = sourcecode.swift; path = PreviewRepository.swift; sourceTree = "<group>"; };
		A11322BE2D137127000F5A74 /* DefaultPreviewRepository.swift */ = {isa = PBXFileReference; lastKnownFileType = sourcecode.swift; path = DefaultPreviewRepository.swift; sourceTree = "<group>"; };
		A11322C12D144534000F5A74 /* ContentCell.swift */ = {isa = PBXFileReference; lastKnownFileType = sourcecode.swift; path = ContentCell.swift; sourceTree = "<group>"; };
		A11322C32D1592D8000F5A74 /* AppButton.swift */ = {isa = PBXFileReference; lastKnownFileType = sourcecode.swift; path = AppButton.swift; sourceTree = "<group>"; };
		A11322C52D15AB43000F5A74 /* MovieType.swift */ = {isa = PBXFileReference; lastKnownFileType = sourcecode.swift; path = MovieType.swift; sourceTree = "<group>"; };
		A11322C82D170313000F5A74 /* PreviewActionView.swift */ = {isa = PBXFileReference; lastKnownFileType = sourcecode.swift; path = PreviewActionView.swift; sourceTree = "<group>"; };
		A11322CA2D17776C000F5A74 /* MainPreviewViewController.swift */ = {isa = PBXFileReference; lastKnownFileType = sourcecode.swift; path = MainPreviewViewController.swift; sourceTree = "<group>"; };
		A14E053A2CEFD94C00DD4092 /* VideoView.swift */ = {isa = PBXFileReference; lastKnownFileType = sourcecode.swift; path = VideoView.swift; sourceTree = "<group>"; };
		A14E053D2CF0DB0400DD4092 /* HomeViewModel.swift */ = {isa = PBXFileReference; lastKnownFileType = sourcecode.swift; path = HomeViewModel.swift; sourceTree = "<group>"; };
		A1537FD92CD956B0005DE4D1 /* Netflix Clone.app */ = {isa = PBXFileReference; explicitFileType = wrapper.application; includeInIndex = 0; path = "Netflix Clone.app"; sourceTree = BUILT_PRODUCTS_DIR; };
		A1537FDC2CD956B0005DE4D1 /* AppDelegate.swift */ = {isa = PBXFileReference; lastKnownFileType = sourcecode.swift; path = AppDelegate.swift; sourceTree = "<group>"; };
		A1537FDE2CD956B0005DE4D1 /* SceneDelegate.swift */ = {isa = PBXFileReference; lastKnownFileType = sourcecode.swift; path = SceneDelegate.swift; sourceTree = "<group>"; };
		A1537FE02CD956B0005DE4D1 /* MainTabBarViewController.swift */ = {isa = PBXFileReference; lastKnownFileType = sourcecode.swift; path = MainTabBarViewController.swift; sourceTree = "<group>"; };
		A1537FE52CD956B1005DE4D1 /* Assets.xcassets */ = {isa = PBXFileReference; lastKnownFileType = folder.assetcatalog; path = Assets.xcassets; sourceTree = "<group>"; };
		A1537FE82CD956B1005DE4D1 /* Base */ = {isa = PBXFileReference; lastKnownFileType = file.storyboard; name = Base; path = Base.lproj/LaunchScreen.storyboard; sourceTree = "<group>"; };
		A1537FEA2CD956B1005DE4D1 /* Info.plist */ = {isa = PBXFileReference; lastKnownFileType = text.plist.xml; path = Info.plist; sourceTree = "<group>"; };
		A1537FF12CD95A94005DE4D1 /* HomeViewController.swift */ = {isa = PBXFileReference; lastKnownFileType = sourcecode.swift; path = HomeViewController.swift; sourceTree = "<group>"; };
		A1537FF32CD95AEF005DE4D1 /* NewAndHotViewController.swift */ = {isa = PBXFileReference; lastKnownFileType = sourcecode.swift; path = NewAndHotViewController.swift; sourceTree = "<group>"; };
		A1537FF52CD95B2E005DE4D1 /* SearchViewController.swift */ = {isa = PBXFileReference; lastKnownFileType = sourcecode.swift; path = SearchViewController.swift; sourceTree = "<group>"; };
		A1537FF72CD95B49005DE4D1 /* MyNetflixViewController.swift */ = {isa = PBXFileReference; lastKnownFileType = sourcecode.swift; path = MyNetflixViewController.swift; sourceTree = "<group>"; };
		A1537FFE2CDA37A7005DE4D1 /* CollectionViewTableViewCell.swift */ = {isa = PBXFileReference; lastKnownFileType = sourcecode.swift; path = CollectionViewTableViewCell.swift; sourceTree = "<group>"; };
		A15380002CDA57DF005DE4D1 /* HeroHeaderUiView.swift */ = {isa = PBXFileReference; lastKnownFileType = sourcecode.swift; path = HeroHeaderUiView.swift; sourceTree = "<group>"; };
		A15380042CDA99C2005DE4D1 /* MovieService.swift */ = {isa = PBXFileReference; lastKnownFileType = sourcecode.swift; path = MovieService.swift; sourceTree = "<group>"; };
		A15380062CDA99DB005DE4D1 /* MovieServiceImpl.swift */ = {isa = PBXFileReference; lastKnownFileType = sourcecode.swift; path = MovieServiceImpl.swift; sourceTree = "<group>"; };
		A15380082CDA9A3B005DE4D1 /* MovieResponse.swift */ = {isa = PBXFileReference; lastKnownFileType = sourcecode.swift; path = MovieResponse.swift; sourceTree = "<group>"; };
		A153800A2CDA9A98005DE4D1 /* Utils.swift */ = {isa = PBXFileReference; lastKnownFileType = sourcecode.swift; path = Utils.swift; sourceTree = "<group>"; };
		A153800C2CDAA162005DE4D1 /* Extensions.swift */ = {isa = PBXFileReference; lastKnownFileType = sourcecode.swift; path = Extensions.swift; sourceTree = "<group>"; };
		A153800E2CDABAD9005DE4D1 /* MovieCollectionViewCell.swift */ = {isa = PBXFileReference; lastKnownFileType = sourcecode.swift; path = MovieCollectionViewCell.swift; sourceTree = "<group>"; };
		A15380122CDCCBFD005DE4D1 /* NewAndHotCollectionViewCell.swift */ = {isa = PBXFileReference; lastKnownFileType = sourcecode.swift; path = NewAndHotCollectionViewCell.swift; sourceTree = "<group>"; };
		A15380192CDE327D005DE4D1 /* SearchResultViewController.swift */ = {isa = PBXFileReference; lastKnownFileType = sourcecode.swift; path = SearchResultViewController.swift; sourceTree = "<group>"; };
		A153801B2CE524DF005DE4D1 /* YoutubeSearchResponse.swift */ = {isa = PBXFileReference; lastKnownFileType = sourcecode.swift; path = YoutubeSearchResponse.swift; sourceTree = "<group>"; };
		A153801F2CE5323E005DE4D1 /* MoviePreviewViewController.swift */ = {isa = PBXFileReference; lastKnownFileType = sourcecode.swift; path = MoviePreviewViewController.swift; sourceTree = "<group>"; };
		A15380222CE67AD2005DE4D1 /* NetflixCloneModel.xcdatamodel */ = {isa = PBXFileReference; lastKnownFileType = wrapper.xcdatamodel; path = NetflixCloneModel.xcdatamodel; sourceTree = "<group>"; };
		A161D7E72CF10DF6007A854D /* HomeMovieUiModel.swift */ = {isa = PBXFileReference; lastKnownFileType = sourcecode.swift; path = HomeMovieUiModel.swift; sourceTree = "<group>"; };
		A161D7E92CF10F8B007A854D /* HomeRepository.swift */ = {isa = PBXFileReference; lastKnownFileType = sourcecode.swift; path = HomeRepository.swift; sourceTree = "<group>"; };
		A161D7EB2CF11011007A854D /* DefaultHomeRepository.swift */ = {isa = PBXFileReference; lastKnownFileType = sourcecode.swift; path = DefaultHomeRepository.swift; sourceTree = "<group>"; };
		A197E8472CF52D1F005BDF32 /* TabbarView.swift */ = {isa = PBXFileReference; lastKnownFileType = sourcecode.swift; path = TabbarView.swift; sourceTree = "<group>"; };
		A1A88E9F2D0E21F3007E059C /* AccountHeaderView.swift */ = {isa = PBXFileReference; lastKnownFileType = sourcecode.swift; path = AccountHeaderView.swift; sourceTree = "<group>"; };
		A1AAC4942CFE687E0062C75B /* TabbarCollectionViewCell.swift */ = {isa = PBXFileReference; lastKnownFileType = sourcecode.swift; path = TabbarCollectionViewCell.swift; sourceTree = "<group>"; };
		A1AAC4962CFE74A80062C75B /* HomeTabCategory.swift */ = {isa = PBXFileReference; lastKnownFileType = sourcecode.swift; path = HomeTabCategory.swift; sourceTree = "<group>"; };
		A1AAC4992CFFBB870062C75B /* NewAndHotViewModel.swift */ = {isa = PBXFileReference; lastKnownFileType = sourcecode.swift; path = NewAndHotViewModel.swift; sourceTree = "<group>"; };
		A1AAC49D2CFFBDC50062C75B /* MovieUiModel.swift */ = {isa = PBXFileReference; lastKnownFileType = sourcecode.swift; path = MovieUiModel.swift; sourceTree = "<group>"; };
		A1AAC49F2CFFBFE20062C75B /* Sections.swift */ = {isa = PBXFileReference; lastKnownFileType = sourcecode.swift; path = Sections.swift; sourceTree = "<group>"; };
		A1AAC4A12CFFC0210062C75B /* NewAndHotRepoistory.swift */ = {isa = PBXFileReference; lastKnownFileType = sourcecode.swift; path = NewAndHotRepoistory.swift; sourceTree = "<group>"; };
		A1AAC4A32CFFC0900062C75B /* DefaultNewAndHotRepository.swift */ = {isa = PBXFileReference; lastKnownFileType = sourcecode.swift; path = DefaultNewAndHotRepository.swift; sourceTree = "<group>"; };
		A1AAC4A92D00CBFD0062C75B /* CategoryCollectionViewCell.swift */ = {isa = PBXFileReference; lastKnownFileType = sourcecode.swift; path = CategoryCollectionViewCell.swift; sourceTree = "<group>"; };
		A1AAC4AB2D00D6080062C75B /* ViewConstant.swift */ = {isa = PBXFileReference; lastKnownFileType = sourcecode.swift; path = ViewConstant.swift; sourceTree = "<group>"; };
		A1AAC4AE2D00F49F0062C75B /* NewHotCategory.swift */ = {isa = PBXFileReference; lastKnownFileType = sourcecode.swift; path = NewHotCategory.swift; sourceTree = "<group>"; };
/* End PBXFileReference section */

/* Begin PBXFrameworksBuildPhase section */
		A1537FD62CD956B0005DE4D1 /* Frameworks */ = {
			isa = PBXFrameworksBuildPhase;
			buildActionMask = 2147483647;
			files = (
				A15380182CDCDF23005DE4D1 /* SDWebImageMapKit in Frameworks */,
				A15380162CDCDF23005DE4D1 /* SDWebImage in Frameworks */,
			);
			runOnlyForDeploymentPostprocessing = 0;
		};
/* End PBXFrameworksBuildPhase section */

/* Begin PBXGroup section */
		A11322A82D11FAF2000F5A74 /* Mapper */ = {
			isa = PBXGroup;
			children = (
				A11322A92D11FAF8000F5A74 /* MovieMapper.swift */,
			);
			path = Mapper;
			sourceTree = "<group>";
		};
		A11322AB2D12014E000F5A74 /* Local */ = {
			isa = PBXGroup;
			children = (
				A11322B22D121D7D000F5A74 /* Source */,
				A11322B12D121B0A000F5A74 /* Manager */,
				A11322B02D121AFF000F5A74 /* Models */,
			);
			path = Local;
			sourceTree = "<group>";
		};
		A11322B02D121AFF000F5A74 /* Models */ = {
			isa = PBXGroup;
			children = (
				A11322AC2D12015C000F5A74 /* MovieEntity.swift */,
			);
			path = Models;
			sourceTree = "<group>";
		};
		A11322B12D121B0A000F5A74 /* Manager */ = {
			isa = PBXGroup;
			children = (
				A11322AE2D120E20000F5A74 /* PersistenceManager.swift */,
			);
			path = Manager;
			sourceTree = "<group>";
		};
		A11322B22D121D7D000F5A74 /* Source */ = {
			isa = PBXGroup;
			children = (
				A11322B52D121DAF000F5A74 /* DefaultLocalSource.swift */,
				A11322B32D121D86000F5A74 /* LocalSource.swift */,
			);
			path = Source;
			sourceTree = "<group>";
		};
		A11322B92D136EB5000F5A74 /* Model */ = {
			isa = PBXGroup;
			children = (
				A11322BA2D136EC6000F5A74 /* PreviewModel.swift */,
			);
			path = Model;
			sourceTree = "<group>";
		};
		A11322C02D14452D000F5A74 /* View */ = {
			isa = PBXGroup;
			children = (
				A11322C82D170313000F5A74 /* PreviewActionView.swift */,
				A11322C12D144534000F5A74 /* ContentCell.swift */,
			);
			path = View;
			sourceTree = "<group>";
		};
		A1537FD02CD956B0005DE4D1 = {
			isa = PBXGroup;
			children = (
				A1537FDB2CD956B0005DE4D1 /* Netflix Clone */,
				A1537FDA2CD956B0005DE4D1 /* Products */,
			);
			sourceTree = "<group>";
		};
		A1537FDA2CD956B0005DE4D1 /* Products */ = {
			isa = PBXGroup;
			children = (
				A1537FD92CD956B0005DE4D1 /* Netflix Clone.app */,
			);
			name = Products;
			sourceTree = "<group>";
		};
		A1537FDB2CD956B0005DE4D1 /* Netflix Clone */ = {
			isa = PBXGroup;
			children = (
				A161D7E42CF10DC6007A854D /* Domain */,
				A161D7DE2CF0FE39007A854D /* Application */,
				A1537FFD2CDA3750005DE4D1 /* Data */,
				A1537FFC2CDA3743005DE4D1 /* Common */,
				A1537FF02CD95A26005DE4D1 /* Presentation */,
				A1537FE52CD956B1005DE4D1 /* Assets.xcassets */,
				A1537FE72CD956B1005DE4D1 /* LaunchScreen.storyboard */,
				A1537FEA2CD956B1005DE4D1 /* Info.plist */,
				A15380212CE67AD2005DE4D1 /* NetflixCloneModel.xcdatamodeld */,
			);
			path = "Netflix Clone";
			sourceTree = "<group>";
		};
		A1537FF02CD95A26005DE4D1 /* Presentation */ = {
			isa = PBXGroup;
			children = (
				A1537FF92CDA36FB005DE4D1 /* Views */,
				A153801E2CE5320E005DE4D1 /* Screen */,
				A1537FE02CD956B0005DE4D1 /* MainTabBarViewController.swift */,
			);
			path = Presentation;
			sourceTree = "<group>";
		};
		A1537FF92CDA36FB005DE4D1 /* Views */ = {
			isa = PBXGroup;
			children = (
				A11322C32D1592D8000F5A74 /* AppButton.swift */,
				A1AAC4AB2D00D6080062C75B /* ViewConstant.swift */,
				A1AAC4932CFE686A0062C75B /* Tabbar */,
				A14E053A2CEFD94C00DD4092 /* VideoView.swift */,
				A1537FFE2CDA37A7005DE4D1 /* CollectionViewTableViewCell.swift */,
				A15380002CDA57DF005DE4D1 /* HeroHeaderUiView.swift */,
				A153800E2CDABAD9005DE4D1 /* MovieCollectionViewCell.swift */,
				A15380122CDCCBFD005DE4D1 /* NewAndHotCollectionViewCell.swift */,
			);
			path = Views;
			sourceTree = "<group>";
		};
		A1537FFB2CDA3721005DE4D1 /* Models */ = {
			isa = PBXGroup;
			children = (
				A15380082CDA9A3B005DE4D1 /* MovieResponse.swift */,
				A153801B2CE524DF005DE4D1 /* YoutubeSearchResponse.swift */,
			);
			path = Models;
			sourceTree = "<group>";
		};
		A1537FFC2CDA3743005DE4D1 /* Common */ = {
			isa = PBXGroup;
			children = (
				A153800A2CDA9A98005DE4D1 /* Utils.swift */,
				A153800C2CDAA162005DE4D1 /* Extensions.swift */,
			);
			path = Common;
			sourceTree = "<group>";
		};
		A1537FFD2CDA3750005DE4D1 /* Data */ = {
			isa = PBXGroup;
			children = (
				A11322AB2D12014E000F5A74 /* Local */,
				A161D7E32CF10DA0007A854D /* Repository */,
				A161D7E02CF0FFE0007A854D /* Network */,
			);
			path = Data;
			sourceTree = "<group>";
		};
		A153801E2CE5320E005DE4D1 /* Screen */ = {
			isa = PBXGroup;
			children = (
				A161D7DD2CF0ED1C007A854D /* MyNetflix */,
				A161D7DC2CF0ED00007A854D /* NewAndHot */,
				A161D7DB2CF0ECF0007A854D /* Preview */,
				A161D7DA2CF0ECDD007A854D /* Search */,
				A161D7D92CF0ECB4007A854D /* Home */,
			);
			path = Screen;
			sourceTree = "<group>";
		};
		A161D7D92CF0ECB4007A854D /* Home */ = {
			isa = PBXGroup;
			children = (
				A1AAC4982CFF892B0062C75B /* model */,
				A14E053D2CF0DB0400DD4092 /* HomeViewModel.swift */,
				A1537FF12CD95A94005DE4D1 /* HomeViewController.swift */,
			);
			path = Home;
			sourceTree = "<group>";
		};
		A161D7DA2CF0ECDD007A854D /* Search */ = {
			isa = PBXGroup;
			children = (
				A1537FF52CD95B2E005DE4D1 /* SearchViewController.swift */,
				A15380192CDE327D005DE4D1 /* SearchResultViewController.swift */,
			);
			path = Search;
			sourceTree = "<group>";
		};
		A161D7DB2CF0ECF0007A854D /* Preview */ = {
			isa = PBXGroup;
			children = (
				A11322CA2D17776C000F5A74 /* MainPreviewViewController.swift */,
				A11322C02D14452D000F5A74 /* View */,
				A11322B92D136EB5000F5A74 /* Model */,
				A11322B72D135E8D000F5A74 /* MoviePreviewViewModel.swift */,
				A153801F2CE5323E005DE4D1 /* MoviePreviewViewController.swift */,
			);
			path = Preview;
			sourceTree = "<group>";
		};
		A161D7DC2CF0ED00007A854D /* NewAndHot */ = {
			isa = PBXGroup;
			children = (
				A1AAC4AD2D00F48E0062C75B /* Model */,
				A1AAC4A82D00CBF20062C75B /* View */,
				A1AAC4992CFFBB870062C75B /* NewAndHotViewModel.swift */,
				A1537FF32CD95AEF005DE4D1 /* NewAndHotViewController.swift */,
			);
			path = NewAndHot;
			sourceTree = "<group>";
		};
		A161D7DD2CF0ED1C007A854D /* MyNetflix */ = {
			isa = PBXGroup;
			children = (
				A1A88E9E2D0E21EB007E059C /* View */,
				A1537FF72CD95B49005DE4D1 /* MyNetflixViewController.swift */,
			);
			path = MyNetflix;
			sourceTree = "<group>";
		};
		A161D7DE2CF0FE39007A854D /* Application */ = {
			isa = PBXGroup;
			children = (
				A1537FDE2CD956B0005DE4D1 /* SceneDelegate.swift */,
				A1537FDC2CD956B0005DE4D1 /* AppDelegate.swift */,
			);
			path = Application;
			sourceTree = "<group>";
		};
		A161D7E02CF0FFE0007A854D /* Network */ = {
			isa = PBXGroup;
			children = (
				A1537FFB2CDA3721005DE4D1 /* Models */,
				A15380062CDA99DB005DE4D1 /* MovieServiceImpl.swift */,
				A15380042CDA99C2005DE4D1 /* MovieService.swift */,
			);
			path = Network;
			sourceTree = "<group>";
		};
		A161D7E32CF10DA0007A854D /* Repository */ = {
			isa = PBXGroup;
			children = (
				A11322BE2D137127000F5A74 /* DefaultPreviewRepository.swift */,
				A1AAC4A32CFFC0900062C75B /* DefaultNewAndHotRepository.swift */,
				A161D7EB2CF11011007A854D /* DefaultHomeRepository.swift */,
			);
			path = Repository;
			sourceTree = "<group>";
		};
		A161D7E42CF10DC6007A854D /* Domain */ = {
			isa = PBXGroup;
			children = (
				A11322A82D11FAF2000F5A74 /* Mapper */,
				A161D7E62CF10DEC007A854D /* Models */,
				A161D7E52CF10DCF007A854D /* Repository */,
			);
			path = Domain;
			sourceTree = "<group>";
		};
		A161D7E52CF10DCF007A854D /* Repository */ = {
			isa = PBXGroup;
			children = (
				A11322BC2D136FBB000F5A74 /* PreviewRepository.swift */,
				A1AAC4A12CFFC0210062C75B /* NewAndHotRepoistory.swift */,
				A161D7E92CF10F8B007A854D /* HomeRepository.swift */,
			);
			path = Repository;
			sourceTree = "<group>";
		};
		A161D7E62CF10DEC007A854D /* Models */ = {
			isa = PBXGroup;
			children = (
				A11322C52D15AB43000F5A74 /* MovieType.swift */,
				A11322A52D11FA94000F5A74 /* Movie.swift */,
				A1AAC49F2CFFBFE20062C75B /* Sections.swift */,
				A1AAC49D2CFFBDC50062C75B /* MovieUiModel.swift */,
				A161D7E72CF10DF6007A854D /* HomeMovieUiModel.swift */,
			);
			path = Models;
			sourceTree = "<group>";
		};
		A1A88E9E2D0E21EB007E059C /* View */ = {
			isa = PBXGroup;
			children = (
				A10895912D105AAD00162025 /* AccountSeactionHeaderView.swift */,
				A1A88E9F2D0E21F3007E059C /* AccountHeaderView.swift */,
			);
			path = View;
			sourceTree = "<group>";
		};
		A1AAC4932CFE686A0062C75B /* Tabbar */ = {
			isa = PBXGroup;
			children = (
				A1AAC4942CFE687E0062C75B /* TabbarCollectionViewCell.swift */,
				A197E8472CF52D1F005BDF32 /* TabbarView.swift */,
			);
			path = Tabbar;
			sourceTree = "<group>";
		};
		A1AAC4982CFF892B0062C75B /* model */ = {
			isa = PBXGroup;
			children = (
				A1AAC4962CFE74A80062C75B /* HomeTabCategory.swift */,
			);
			path = model;
			sourceTree = "<group>";
		};
		A1AAC4A82D00CBF20062C75B /* View */ = {
			isa = PBXGroup;
			children = (
				A1AAC4A92D00CBFD0062C75B /* CategoryCollectionViewCell.swift */,
			);
			path = View;
			sourceTree = "<group>";
		};
		A1AAC4AD2D00F48E0062C75B /* Model */ = {
			isa = PBXGroup;
			children = (
				A1AAC4AE2D00F49F0062C75B /* NewHotCategory.swift */,
			);
			path = Model;
			sourceTree = "<group>";
		};
/* End PBXGroup section */

/* Begin PBXNativeTarget section */
		A1537FD82CD956B0005DE4D1 /* Netflix Clone */ = {
			isa = PBXNativeTarget;
			buildConfigurationList = A1537FED2CD956B1005DE4D1 /* Build configuration list for PBXNativeTarget "Netflix Clone" */;
			buildPhases = (
				A1537FD52CD956B0005DE4D1 /* Sources */,
				A1537FD62CD956B0005DE4D1 /* Frameworks */,
				A1537FD72CD956B0005DE4D1 /* Resources */,
			);
			buildRules = (
			);
			dependencies = (
			);
			name = "Netflix Clone";
			packageProductDependencies = (
				A15380152CDCDF23005DE4D1 /* SDWebImage */,
				A15380172CDCDF23005DE4D1 /* SDWebImageMapKit */,
			);
			productName = "Netflic Clone";
			productReference = A1537FD92CD956B0005DE4D1 /* Netflix Clone.app */;
			productType = "com.apple.product-type.application";
		};
/* End PBXNativeTarget section */

/* Begin PBXProject section */
		A1537FD12CD956B0005DE4D1 /* Project object */ = {
			isa = PBXProject;
			attributes = {
				BuildIndependentTargetsInParallel = 1;
				LastSwiftUpdateCheck = 1430;
				LastUpgradeCheck = 1430;
				TargetAttributes = {
					A1537FD82CD956B0005DE4D1 = {
						CreatedOnToolsVersion = 14.3;
					};
				};
			};
			buildConfigurationList = A1537FD42CD956B0005DE4D1 /* Build configuration list for PBXProject "Netflix Clone" */;
			compatibilityVersion = "Xcode 14.0";
			developmentRegion = en;
			hasScannedForEncodings = 0;
			knownRegions = (
				en,
				Base,
			);
			mainGroup = A1537FD02CD956B0005DE4D1;
			packageReferences = (
				A15380142CDCDF23005DE4D1 /* XCRemoteSwiftPackageReference "SDWebImage" */,
			);
			productRefGroup = A1537FDA2CD956B0005DE4D1 /* Products */;
			projectDirPath = "";
			projectRoot = "";
			targets = (
				A1537FD82CD956B0005DE4D1 /* Netflix Clone */,
			);
		};
/* End PBXProject section */

/* Begin PBXResourcesBuildPhase section */
		A1537FD72CD956B0005DE4D1 /* Resources */ = {
			isa = PBXResourcesBuildPhase;
			buildActionMask = 2147483647;
			files = (
				A1537FE92CD956B1005DE4D1 /* LaunchScreen.storyboard in Resources */,
				A1537FE62CD956B1005DE4D1 /* Assets.xcassets in Resources */,
			);
			runOnlyForDeploymentPostprocessing = 0;
		};
/* End PBXResourcesBuildPhase section */

/* Begin PBXSourcesBuildPhase section */
		A1537FD52CD956B0005DE4D1 /* Sources */ = {
			isa = PBXSourcesBuildPhase;
			buildActionMask = 2147483647;
			files = (
				A197E8482CF52D2A005BDF32 /* TabbarView.swift in Sources */,
				A15380072CDA99DB005DE4D1 /* MovieServiceImpl.swift in Sources */,
				A1537FF62CD95B2E005DE4D1 /* SearchViewController.swift in Sources */,
				A1537FE12CD956B0005DE4D1 /* MainTabBarViewController.swift in Sources */,
				A11322AD2D120167000F5A74 /* MovieEntity.swift in Sources */,
				A1537FFF2CDA37A8005DE4D1 /* CollectionViewTableViewCell.swift in Sources */,
				A11322B42D121D9C000F5A74 /* LocalSource.swift in Sources */,
				A14E053E2CF0DB0A00DD4092 /* HomeViewModel.swift in Sources */,
				A11322A62D11FA9B000F5A74 /* Movie.swift in Sources */,
				A161D7EC2CF11022007A854D /* DefaultHomeRepository.swift in Sources */,
				A1AAC4AC2D00D60E0062C75B /* ViewConstant.swift in Sources */,
				A1AAC4952CFE688A0062C75B /* TabbarCollectionViewCell.swift in Sources */,
				A1537FF82CD95B49005DE4D1 /* MyNetflixViewController.swift in Sources */,
				A11322CB2D177783000F5A74 /* MainPreviewViewController.swift in Sources */,
				A11322B82D135E91000F5A74 /* MoviePreviewViewModel.swift in Sources */,
				A161D7E82CF10E0B007A854D /* HomeMovieUiModel.swift in Sources */,
				A153800B2CDA9A98005DE4D1 /* Utils.swift in Sources */,
				A15380232CE67AD2005DE4D1 /* NetflixCloneModel.xcdatamodeld in Sources */,
				A11322AF2D120E32000F5A74 /* PersistenceManager.swift in Sources */,
				A15380052CDA99C2005DE4D1 /* MovieService.swift in Sources */,
				A1AAC49A2CFFBB8B0062C75B /* NewAndHotViewModel.swift in Sources */,
				A1537FDD2CD956B0005DE4D1 /* AppDelegate.swift in Sources */,
				A15380012CDA57DF005DE4D1 /* HeroHeaderUiView.swift in Sources */,
				A1AAC49E2CFFBDEB0062C75B /* MovieUiModel.swift in Sources */,
				A1537FF42CD95AEF005DE4D1 /* NewAndHotViewController.swift in Sources */,
				A11322BD2D136FC1000F5A74 /* PreviewRepository.swift in Sources */,
				A11322BB2D136ECB000F5A74 /* PreviewModel.swift in Sources */,
				A11322BF2D13712C000F5A74 /* DefaultPreviewRepository.swift in Sources */,
				A15380092CDA9A3B005DE4D1 /* MovieResponse.swift in Sources */,
				A161D7EA2CF10F93007A854D /* HomeRepository.swift in Sources */,
				A11322C92D170313000F5A74 /* PreviewActionView.swift in Sources */,
				A1AAC4AA2D00CC160062C75B /* CategoryCollectionViewCell.swift in Sources */,
				A11322B62D121DB2000F5A74 /* DefaultLocalSource.swift in Sources */,
				A1AAC4AF2D00F4A90062C75B /* NewHotCategory.swift in Sources */,
				A1AAC4A02CFFBFE80062C75B /* Sections.swift in Sources */,
				A15380132CDCCBFD005DE4D1 /* NewAndHotCollectionViewCell.swift in Sources */,
				A10895922D105ABA00162025 /* AccountSeactionHeaderView.swift in Sources */,
				A1A88EA02D0E221F007E059C /* AccountHeaderView.swift in Sources */,
				A11322C22D14453F000F5A74 /* ContentCell.swift in Sources */,
				A1AAC4972CFE74B20062C75B /* HomeTabCategory.swift in Sources */,
				A153801C2CE524DF005DE4D1 /* YoutubeSearchResponse.swift in Sources */,
				A1537FDF2CD956B0005DE4D1 /* SceneDelegate.swift in Sources */,
				A11322C62D15AB4E000F5A74 /* MovieType.swift in Sources */,
				A15380202CE5323E005DE4D1 /* MoviePreviewViewController.swift in Sources */,
				A153801A2CDE327D005DE4D1 /* SearchResultViewController.swift in Sources */,
				A11322AA2D11FAFE000F5A74 /* MovieMapper.swift in Sources */,
				A153800F2CDABAD9005DE4D1 /* MovieCollectionViewCell.swift in Sources */,
				A1AAC4A42CFFC0A00062C75B /* DefaultNewAndHotRepository.swift in Sources */,
				A1AAC4A22CFFC02B0062C75B /* NewAndHotRepoistory.swift in Sources */,
				A1537FF22CD95A94005DE4D1 /* HomeViewController.swift in Sources */,
				A14E053B2CEFD95200DD4092 /* VideoView.swift in Sources */,
				A153800D2CDAA162005DE4D1 /* Extensions.swift in Sources */,
				A11322C42D1592DE000F5A74 /* AppButton.swift in Sources */,
			);
			runOnlyForDeploymentPostprocessing = 0;
		};
/* End PBXSourcesBuildPhase section */

/* Begin PBXVariantGroup section */
		A1537FE72CD956B1005DE4D1 /* LaunchScreen.storyboard */ = {
			isa = PBXVariantGroup;
			children = (
				A1537FE82CD956B1005DE4D1 /* Base */,
			);
			name = LaunchScreen.storyboard;
			sourceTree = "<group>";
		};
/* End PBXVariantGroup section */

/* Begin XCBuildConfiguration section */
		A1537FEB2CD956B1005DE4D1 /* Debug */ = {
			isa = XCBuildConfiguration;
			buildSettings = {
				ALWAYS_SEARCH_USER_PATHS = NO;
				CLANG_ANALYZER_NONNULL = YES;
				CLANG_ANALYZER_NUMBER_OBJECT_CONVERSION = YES_AGGRESSIVE;
				CLANG_CXX_LANGUAGE_STANDARD = "gnu++20";
				CLANG_ENABLE_MODULES = YES;
				CLANG_ENABLE_OBJC_ARC = YES;
				CLANG_ENABLE_OBJC_WEAK = YES;
				CLANG_WARN_BLOCK_CAPTURE_AUTORELEASING = YES;
				CLANG_WARN_BOOL_CONVERSION = YES;
				CLANG_WARN_COMMA = YES;
				CLANG_WARN_CONSTANT_CONVERSION = YES;
				CLANG_WARN_DEPRECATED_OBJC_IMPLEMENTATIONS = YES;
				CLANG_WARN_DIRECT_OBJC_ISA_USAGE = YES_ERROR;
				CLANG_WARN_DOCUMENTATION_COMMENTS = YES;
				CLANG_WARN_EMPTY_BODY = YES;
				CLANG_WARN_ENUM_CONVERSION = YES;
				CLANG_WARN_INFINITE_RECURSION = YES;
				CLANG_WARN_INT_CONVERSION = YES;
				CLANG_WARN_NON_LITERAL_NULL_CONVERSION = YES;
				CLANG_WARN_OBJC_IMPLICIT_RETAIN_SELF = YES;
				CLANG_WARN_OBJC_LITERAL_CONVERSION = YES;
				CLANG_WARN_OBJC_ROOT_CLASS = YES_ERROR;
				CLANG_WARN_QUOTED_INCLUDE_IN_FRAMEWORK_HEADER = YES;
				CLANG_WARN_RANGE_LOOP_ANALYSIS = YES;
				CLANG_WARN_STRICT_PROTOTYPES = YES;
				CLANG_WARN_SUSPICIOUS_MOVE = YES;
				CLANG_WARN_UNGUARDED_AVAILABILITY = YES_AGGRESSIVE;
				CLANG_WARN_UNREACHABLE_CODE = YES;
				CLANG_WARN__DUPLICATE_METHOD_MATCH = YES;
				COPY_PHASE_STRIP = NO;
				DEBUG_INFORMATION_FORMAT = dwarf;
				ENABLE_STRICT_OBJC_MSGSEND = YES;
				ENABLE_TESTABILITY = YES;
				GCC_C_LANGUAGE_STANDARD = gnu11;
				GCC_DYNAMIC_NO_PIC = NO;
				GCC_NO_COMMON_BLOCKS = YES;
				GCC_OPTIMIZATION_LEVEL = 0;
				GCC_PREPROCESSOR_DEFINITIONS = (
					"DEBUG=1",
					"$(inherited)",
				);
				GCC_WARN_64_TO_32_BIT_CONVERSION = YES;
				GCC_WARN_ABOUT_RETURN_TYPE = YES_ERROR;
				GCC_WARN_UNDECLARED_SELECTOR = YES;
				GCC_WARN_UNINITIALIZED_AUTOS = YES_AGGRESSIVE;
				GCC_WARN_UNUSED_FUNCTION = YES;
				GCC_WARN_UNUSED_VARIABLE = YES;
				IPHONEOS_DEPLOYMENT_TARGET = 16.4;
				MTL_ENABLE_DEBUG_INFO = INCLUDE_SOURCE;
				MTL_FAST_MATH = YES;
				ONLY_ACTIVE_ARCH = YES;
				SDKROOT = iphoneos;
				SWIFT_ACTIVE_COMPILATION_CONDITIONS = DEBUG;
				SWIFT_OPTIMIZATION_LEVEL = "-Onone";
			};
			name = Debug;
		};
		A1537FEC2CD956B1005DE4D1 /* Release */ = {
			isa = XCBuildConfiguration;
			buildSettings = {
				ALWAYS_SEARCH_USER_PATHS = NO;
				CLANG_ANALYZER_NONNULL = YES;
				CLANG_ANALYZER_NUMBER_OBJECT_CONVERSION = YES_AGGRESSIVE;
				CLANG_CXX_LANGUAGE_STANDARD = "gnu++20";
				CLANG_ENABLE_MODULES = YES;
				CLANG_ENABLE_OBJC_ARC = YES;
				CLANG_ENABLE_OBJC_WEAK = YES;
				CLANG_WARN_BLOCK_CAPTURE_AUTORELEASING = YES;
				CLANG_WARN_BOOL_CONVERSION = YES;
				CLANG_WARN_COMMA = YES;
				CLANG_WARN_CONSTANT_CONVERSION = YES;
				CLANG_WARN_DEPRECATED_OBJC_IMPLEMENTATIONS = YES;
				CLANG_WARN_DIRECT_OBJC_ISA_USAGE = YES_ERROR;
				CLANG_WARN_DOCUMENTATION_COMMENTS = YES;
				CLANG_WARN_EMPTY_BODY = YES;
				CLANG_WARN_ENUM_CONVERSION = YES;
				CLANG_WARN_INFINITE_RECURSION = YES;
				CLANG_WARN_INT_CONVERSION = YES;
				CLANG_WARN_NON_LITERAL_NULL_CONVERSION = YES;
				CLANG_WARN_OBJC_IMPLICIT_RETAIN_SELF = YES;
				CLANG_WARN_OBJC_LITERAL_CONVERSION = YES;
				CLANG_WARN_OBJC_ROOT_CLASS = YES_ERROR;
				CLANG_WARN_QUOTED_INCLUDE_IN_FRAMEWORK_HEADER = YES;
				CLANG_WARN_RANGE_LOOP_ANALYSIS = YES;
				CLANG_WARN_STRICT_PROTOTYPES = YES;
				CLANG_WARN_SUSPICIOUS_MOVE = YES;
				CLANG_WARN_UNGUARDED_AVAILABILITY = YES_AGGRESSIVE;
				CLANG_WARN_UNREACHABLE_CODE = YES;
				CLANG_WARN__DUPLICATE_METHOD_MATCH = YES;
				COPY_PHASE_STRIP = NO;
				DEBUG_INFORMATION_FORMAT = "dwarf-with-dsym";
				ENABLE_NS_ASSERTIONS = NO;
				ENABLE_STRICT_OBJC_MSGSEND = YES;
				GCC_C_LANGUAGE_STANDARD = gnu11;
				GCC_NO_COMMON_BLOCKS = YES;
				GCC_WARN_64_TO_32_BIT_CONVERSION = YES;
				GCC_WARN_ABOUT_RETURN_TYPE = YES_ERROR;
				GCC_WARN_UNDECLARED_SELECTOR = YES;
				GCC_WARN_UNINITIALIZED_AUTOS = YES_AGGRESSIVE;
				GCC_WARN_UNUSED_FUNCTION = YES;
				GCC_WARN_UNUSED_VARIABLE = YES;
				IPHONEOS_DEPLOYMENT_TARGET = 16.4;
				MTL_ENABLE_DEBUG_INFO = NO;
				MTL_FAST_MATH = YES;
				SDKROOT = iphoneos;
				SWIFT_COMPILATION_MODE = wholemodule;
				SWIFT_OPTIMIZATION_LEVEL = "-O";
				VALIDATE_PRODUCT = YES;
			};
			name = Release;
		};
		A1537FEE2CD956B1005DE4D1 /* Debug */ = {
			isa = XCBuildConfiguration;
			buildSettings = {
				ASSETCATALOG_COMPILER_APPICON_NAME = AppIcon;
				ASSETCATALOG_COMPILER_GLOBAL_ACCENT_COLOR_NAME = AccentColor;
				CODE_SIGN_STYLE = Automatic;
				CURRENT_PROJECT_VERSION = 1;
				DEVELOPMENT_TEAM = 886H269M55;
				GENERATE_INFOPLIST_FILE = YES;
				INFOPLIST_FILE = "Netflix Clone/Info.plist";
				INFOPLIST_KEY_UIApplicationSupportsIndirectInputEvents = YES;
				INFOPLIST_KEY_UILaunchStoryboardName = LaunchScreen;
				INFOPLIST_KEY_UISupportedInterfaceOrientations_iPad = "UIInterfaceOrientationPortrait UIInterfaceOrientationPortraitUpsideDown UIInterfaceOrientationLandscapeLeft UIInterfaceOrientationLandscapeRight";
				INFOPLIST_KEY_UISupportedInterfaceOrientations_iPhone = "UIInterfaceOrientationPortrait UIInterfaceOrientationLandscapeLeft UIInterfaceOrientationLandscapeRight";
				LD_RUNPATH_SEARCH_PATHS = (
					"$(inherited)",
					"@executable_path/Frameworks",
				);
				MARKETING_VERSION = 1.0;
				PRODUCT_BUNDLE_IDENTIFIER = "com.ozcanalasalvar.Netflix-Clone";
				PRODUCT_NAME = "$(TARGET_NAME)";
				SWIFT_EMIT_LOC_STRINGS = YES;
				SWIFT_VERSION = 5.0;
				TARGETED_DEVICE_FAMILY = "1,2";
			};
			name = Debug;
		};
		A1537FEF2CD956B1005DE4D1 /* Release */ = {
			isa = XCBuildConfiguration;
			buildSettings = {
				ASSETCATALOG_COMPILER_APPICON_NAME = AppIcon;
				ASSETCATALOG_COMPILER_GLOBAL_ACCENT_COLOR_NAME = AccentColor;
				CODE_SIGN_STYLE = Automatic;
				CURRENT_PROJECT_VERSION = 1;
				DEVELOPMENT_TEAM = 886H269M55;
				GENERATE_INFOPLIST_FILE = YES;
				INFOPLIST_FILE = "Netflix Clone/Info.plist";
				INFOPLIST_KEY_UIApplicationSupportsIndirectInputEvents = YES;
				INFOPLIST_KEY_UILaunchStoryboardName = LaunchScreen;
				INFOPLIST_KEY_UISupportedInterfaceOrientations_iPad = "UIInterfaceOrientationPortrait UIInterfaceOrientationPortraitUpsideDown UIInterfaceOrientationLandscapeLeft UIInterfaceOrientationLandscapeRight";
				INFOPLIST_KEY_UISupportedInterfaceOrientations_iPhone = "UIInterfaceOrientationPortrait UIInterfaceOrientationLandscapeLeft UIInterfaceOrientationLandscapeRight";
				LD_RUNPATH_SEARCH_PATHS = (
					"$(inherited)",
					"@executable_path/Frameworks",
				);
				MARKETING_VERSION = 1.0;
				PRODUCT_BUNDLE_IDENTIFIER = "com.ozcanalasalvar.Netflix-Clone";
				PRODUCT_NAME = "$(TARGET_NAME)";
				SWIFT_EMIT_LOC_STRINGS = YES;
				SWIFT_VERSION = 5.0;
				TARGETED_DEVICE_FAMILY = "1,2";
			};
			name = Release;
		};
/* End XCBuildConfiguration section */

/* Begin XCConfigurationList section */
		A1537FD42CD956B0005DE4D1 /* Build configuration list for PBXProject "Netflix Clone" */ = {
			isa = XCConfigurationList;
			buildConfigurations = (
				A1537FEB2CD956B1005DE4D1 /* Debug */,
				A1537FEC2CD956B1005DE4D1 /* Release */,
			);
			defaultConfigurationIsVisible = 0;
			defaultConfigurationName = Release;
		};
		A1537FED2CD956B1005DE4D1 /* Build configuration list for PBXNativeTarget "Netflix Clone" */ = {
			isa = XCConfigurationList;
			buildConfigurations = (
				A1537FEE2CD956B1005DE4D1 /* Debug */,
				A1537FEF2CD956B1005DE4D1 /* Release */,
			);
			defaultConfigurationIsVisible = 0;
			defaultConfigurationName = Release;
		};
/* End XCConfigurationList section */

/* Begin XCRemoteSwiftPackageReference section */
		A15380142CDCDF23005DE4D1 /* XCRemoteSwiftPackageReference "SDWebImage" */ = {
			isa = XCRemoteSwiftPackageReference;
			repositoryURL = "https://github.com/SDWebImage/SDWebImage.git";
			requirement = {
				kind = upToNextMajorVersion;
				minimumVersion = 5.0.0;
			};
		};
/* End XCRemoteSwiftPackageReference section */

/* Begin XCSwiftPackageProductDependency section */
		A15380152CDCDF23005DE4D1 /* SDWebImage */ = {
			isa = XCSwiftPackageProductDependency;
			package = A15380142CDCDF23005DE4D1 /* XCRemoteSwiftPackageReference "SDWebImage" */;
			productName = SDWebImage;
		};
		A15380172CDCDF23005DE4D1 /* SDWebImageMapKit */ = {
			isa = XCSwiftPackageProductDependency;
			package = A15380142CDCDF23005DE4D1 /* XCRemoteSwiftPackageReference "SDWebImage" */;
			productName = SDWebImageMapKit;
		};
/* End XCSwiftPackageProductDependency section */

/* Begin XCVersionGroup section */
		A15380212CE67AD2005DE4D1 /* NetflixCloneModel.xcdatamodeld */ = {
			isa = XCVersionGroup;
			children = (
				A15380222CE67AD2005DE4D1 /* NetflixCloneModel.xcdatamodel */,
			);
			currentVersion = A15380222CE67AD2005DE4D1 /* NetflixCloneModel.xcdatamodel */;
			path = NetflixCloneModel.xcdatamodeld;
			sourceTree = "<group>";
			versionGroupType = wrapper.xcdatamodel;
		};
/* End XCVersionGroup section */
	};
	rootObject = A1537FD12CD956B0005DE4D1 /* Project object */;
}
